
Microsoft Visual Studio Solution File, Format Version 12.00
# Visual Studio Version 16
VisualStudioVersion = 16.0.33214.272
MinimumVisualStudioVersion = 10.0.40219.1
Project("{FAE04EC0-301F-11D3-BF4B-00C04F79EFBC}") = "InventoryManagementSystem", "InventoryManagementSystem\InventoryManagementSystem.csproj", "{23685F05-840D-45C3-9DA9-E8CC05DF9FB4}"
EndProject
Global
	GlobalSection(SolutionConfigurationPlatforms) = preSolution
		Debug|Any CPU = Debug|Any CPU
		Release|Any CPU = Release|Any CPU
	EndGlobalSection
	GlobalSection(ProjectConfigurationPlatforms) = postSolution
		{23685F05-840D-45C3-9DA9-E8CC05DF9FB4}.Debug|Any CPU.ActiveCfg = Debug|Any CPU
		{23685F05-840D-45C3-9DA9-E8CC05DF9FB4}.Debug|Any CPU.Build.0 = Debug|Any CPU
		{23685F05-840D-45C3-9DA9-E8CC05DF9FB4}.Release|Any CPU.ActiveCfg = Release|Any CPU
		{23685F05-840D-45C3-9DA9-E8CC05DF9FB4}.Release|Any CPU.Build.0 = Release|Any CPU
	EndGlobalSection
	GlobalSection(SolutionProperties) = preSolution
		HideSolutionNode = FALSE
	EndGlobalSection
	GlobalSection(ExtensibilityGlobals) = postSolution
		SolutionGuid = {1F16F35E-F8B8-482C-AFAB-89952B93EA0B}
	EndGlobalSection
EndGlobal
